// !$*UTF8*$!
{
	archiveVersion = 1;
	classes = {
	};
	objectVersion = 48;
	objects = {

/* Begin PBXBuildFile section */
		F0D27B82205967D100CA43CB /* AppDelegate.swift in Sources */ = {isa = PBXBuildFile; fileRef = F0D27B81205967D100CA43CB /* AppDelegate.swift */; };
		F0D27B84205967D100CA43CB /* ViewController.swift in Sources */ = {isa = PBXBuildFile; fileRef = F0D27B83205967D100CA43CB /* ViewController.swift */; };
		F0D27B87205967D100CA43CB /* Main.storyboard in Resources */ = {isa = PBXBuildFile; fileRef = F0D27B85205967D100CA43CB /* Main.storyboard */; };
		F0D27B89205967D100CA43CB /* Assets.xcassets in Resources */ = {isa = PBXBuildFile; fileRef = F0D27B88205967D100CA43CB /* Assets.xcassets */; };
		F0D27B8C205967D100CA43CB /* LaunchScreen.storyboard in Resources */ = {isa = PBXBuildFile; fileRef = F0D27B8A205967D100CA43CB /* LaunchScreen.storyboard */; };
		F0D27B9420596D5A00CA43CB /* Media.scnassets in Resources */ = {isa = PBXBuildFile; fileRef = F0D27B9320596D5A00CA43CB /* Media.scnassets */; };
		F0D27B96205AA54300CA43CB /* SkinCell.swift in Sources */ = {isa = PBXBuildFile; fileRef = F0D27B95205AA54300CA43CB /* SkinCell.swift */; };
		F0D27B98205AAD3E00CA43CB /* SnapshotButton.swift in Sources */ = {isa = PBXBuildFile; fileRef = F0D27B97205AAD3E00CA43CB /* SnapshotButton.swift */; };
/* End PBXBuildFile section */

/* Begin PBXFileReference section */
		F0D27B7E205967D100CA43CB /* SXSW Logo.app */ = {isa = PBXFileReference; explicitFileType = wrapper.application; includeInIndex = 0; path = "SXSW Logo.app"; sourceTree = BUILT_PRODUCTS_DIR; };
		F0D27B81205967D100CA43CB /* AppDelegate.swift */ = {isa = PBXFileReference; lastKnownFileType = sourcecode.swift; path = AppDelegate.swift; sourceTree = "<group>"; };
		F0D27B83205967D100CA43CB /* ViewController.swift */ = {isa = PBXFileReference; lastKnownFileType = sourcecode.swift; path = ViewController.swift; sourceTree = "<group>"; };
		F0D27B86205967D100CA43CB /* Base */ = {isa = PBXFileReference; lastKnownFileType = file.storyboard; name = Base; path = Base.lproj/Main.storyboard; sourceTree = "<group>"; };
		F0D27B88205967D100CA43CB /* Assets.xcassets */ = {isa = PBXFileReference; lastKnownFileType = folder.assetcatalog; path = Assets.xcassets; sourceTree = "<group>"; };
		F0D27B8B205967D100CA43CB /* Base */ = {isa = PBXFileReference; lastKnownFileType = file.storyboard; name = Base; path = Base.lproj/LaunchScreen.storyboard; sourceTree = "<group>"; };
		F0D27B8D205967D100CA43CB /* Info.plist */ = {isa = PBXFileReference; lastKnownFileType = text.plist.xml; path = Info.plist; sourceTree = "<group>"; };
		F0D27B9320596D5A00CA43CB /* Media.scnassets */ = {isa = PBXFileReference; lastKnownFileType = wrapper.scnassets; path = Media.scnassets; sourceTree = "<group>"; };
		F0D27B95205AA54300CA43CB /* SkinCell.swift */ = {isa = PBXFileReference; lastKnownFileType = sourcecode.swift; path = SkinCell.swift; sourceTree = "<group>"; };
		F0D27B97205AAD3E00CA43CB /* SnapshotButton.swift */ = {isa = PBXFileReference; lastKnownFileType = sourcecode.swift; path = SnapshotButton.swift; sourceTree = "<group>"; };
/* End PBXFileReference section */

/* Begin PBXFrameworksBuildPhase section */
		F0D27B7B205967D100CA43CB /* Frameworks */ = {
			isa = PBXFrameworksBuildPhase;
			buildActionMask = 2147483647;
			files = (
			);
			runOnlyForDeploymentPostprocessing = 0;
		};
/* End PBXFrameworksBuildPhase section */

/* Begin PBXGroup section */
		F0D27B75205967D100CA43CB = {
			isa = PBXGroup;
			children = (
				F0D27B80205967D100CA43CB /* SXSW Logo */,
				F0D27B7F205967D100CA43CB /* Products */,
			);
			sourceTree = "<group>";
		};
		F0D27B7F205967D100CA43CB /* Products */ = {
			isa = PBXGroup;
			children = (
				F0D27B7E205967D100CA43CB /* SXSW Logo.app */,
			);
			name = Products;
			sourceTree = "<group>";
		};
		F0D27B80205967D100CA43CB /* SXSW Logo */ = {
			isa = PBXGroup;
			children = (
				F0D27B81205967D100CA43CB /* AppDelegate.swift */,
				F0D27B95205AA54300CA43CB /* SkinCell.swift */,
				F0D27B97205AAD3E00CA43CB /* SnapshotButton.swift */,
				F0D27B83205967D100CA43CB /* ViewController.swift */,
				F0D27B85205967D100CA43CB /* Main.storyboard */,
				F0D27B88205967D100CA43CB /* Assets.xcassets */,
				F0D27B9320596D5A00CA43CB /* Media.scnassets */,
				F0D27B8A205967D100CA43CB /* LaunchScreen.storyboard */,
				F0D27B8D205967D100CA43CB /* Info.plist */,
			);
			path = "SXSW Logo";
			sourceTree = "<group>";
		};
/* End PBXGroup section */

/* Begin PBXNativeTarget section */
		F0D27B7D205967D100CA43CB /* SXSW Logo */ = {
			isa = PBXNativeTarget;
			buildConfigurationList = F0D27B90205967D100CA43CB /* Build configuration list for PBXNativeTarget "SXSW Logo" */;
			buildPhases = (
				F0D27B7A205967D100CA43CB /* Sources */,
				F0D27B7B205967D100CA43CB /* Frameworks */,
				F0D27B7C205967D100CA43CB /* Resources */,
			);
			buildRules = (
			);
			dependencies = (
			);
			name = "SXSW Logo";
			productName = "SXSW Logo";
			productReference = F0D27B7E205967D100CA43CB /* SXSW Logo.app */;
			productType = "com.apple.product-type.application";
		};
/* End PBXNativeTarget section */

/* Begin PBXProject section */
		F0D27B76205967D100CA43CB /* Project object */ = {
			isa = PBXProject;
			attributes = {
				LastSwiftUpdateCheck = 0920;
				LastUpgradeCheck = 0920;
				ORGANIZATIONNAME = Example;
				TargetAttributes = {
					F0D27B7D205967D100CA43CB = {
						CreatedOnToolsVersion = 9.2;
						ProvisioningStyle = Automatic;
					};
				};
			};
			buildConfigurationList = F0D27B79205967D100CA43CB /* Build configuration list for PBXProject "SXSW Logo" */;
			compatibilityVersion = "Xcode 8.0";
			developmentRegion = en;
			hasScannedForEncodings = 0;
			knownRegions = (
				en,
				Base,
			);
			mainGroup = F0D27B75205967D100CA43CB;
			productRefGroup = F0D27B7F205967D100CA43CB /* Products */;
			projectDirPath = "";
			projectRoot = "";
			targets = (
				F0D27B7D205967D100CA43CB /* SXSW Logo */,
			);
		};
/* End PBXProject section */

/* Begin PBXResourcesBuildPhase section */
		F0D27B7C205967D100CA43CB /* Resources */ = {
			isa = PBXResourcesBuildPhase;
			buildActionMask = 2147483647;
			files = (
				F0D27B9420596D5A00CA43CB /* Media.scnassets in Resources */,
				F0D27B8C205967D100CA43CB /* LaunchScreen.storyboard in Resources */,
				F0D27B89205967D100CA43CB /* Assets.xcassets in Resources */,
				F0D27B87205967D100CA43CB /* Main.storyboard in Resources */,
			);
			runOnlyForDeploymentPostprocessing = 0;
		};
/* End PBXResourcesBuildPhase section */

/* Begin PBXSourcesBuildPhase section */
		F0D27B7A205967D100CA43CB /* Sources */ = {
			isa = PBXSourcesBuildPhase;
			buildActionMask = 2147483647;
			files = (
				F0D27B96205AA54300CA43CB /* SkinCell.swift in Sources */,
				F0D27B84205967D100CA43CB /* ViewController.swift in Sources */,
				F0D27B82205967D100CA43CB /* AppDelegate.swift in Sources */,
				F0D27B98205AAD3E00CA43CB /* SnapshotButton.swift in Sources */,
			);
			runOnlyForDeploymentPostprocessing = 0;
		};
/* End PBXSourcesBuildPhase section */

/* Begin PBXVariantGroup section */
		F0D27B85205967D100CA43CB /* Main.storyboard */ = {
			isa = PBXVariantGroup;
			children = (
				F0D27B86205967D100CA43CB /* Base */,
			);
			name = Main.storyboard;
			sourceTree = "<group>";
		};
		F0D27B8A205967D100CA43CB /* LaunchScreen.storyboard */ = {
			isa = PBXVariantGroup;
			children = (
				F0D27B8B205967D100CA43CB /* Base */,
			);
			name = LaunchScreen.storyboard;
			sourceTree = "<group>";
		};
/* End PBXVariantGroup section */

/* Begin XCBuildConfiguration section */
		F0D27B8E205967D100CA43CB /* Debug */ = {
			isa = XCBuildConfiguration;
			buildSettings = {
				ALWAYS_SEARCH_USER_PATHS = NO;
				CLANG_ANALYZER_NONNULL = YES;
				CLANG_ANALYZER_NUMBER_OBJECT_CONVERSION = YES_AGGRESSIVE;
				CLANG_CXX_LANGUAGE_STANDARD = "gnu++14";
				CLANG_CXX_LIBRARY = "libc++";
				CLANG_ENABLE_MODULES = YES;
				CLANG_ENABLE_OBJC_ARC = YES;
				CLANG_WARN_BLOCK_CAPTURE_AUTORELEASING = YES;
				CLANG_WARN_BOOL_CONVERSION = YES;
				CLANG_WARN_COMMA = YES;
				CLANG_WARN_CONSTANT_CONVERSION = YES;
				CLANG_WARN_DIRECT_OBJC_ISA_USAGE = YES_ERROR;
				CLANG_WARN_DOCUMENTATION_COMMENTS = YES;
				CLANG_WARN_EMPTY_BODY = YES;
				CLANG_WARN_ENUM_CONVERSION = YES;
				CLANG_WARN_INFINITE_RECURSION = YES;
				CLANG_WARN_INT_CONVERSION = YES;
				CLANG_WARN_NON_LITERAL_NULL_CONVERSION = YES;
				CLANG_WARN_OBJC_LITERAL_CONVERSION = YES;
				CLANG_WARN_OBJC_ROOT_CLASS = YES_ERROR;
				CLANG_WARN_RANGE_LOOP_ANALYSIS = YES;
				CLANG_WARN_STRICT_PROTOTYPES = YES;
				CLANG_WARN_SUSPICIOUS_MOVE = YES;
				CLANG_WARN_UNGUARDED_AVAILABILITY = YES_AGGRESSIVE;
				CLANG_WARN_UNREACHABLE_CODE = YES;
				CLANG_WARN__DUPLICATE_METHOD_MATCH = YES;
				CODE_SIGN_IDENTITY = "iPhone Developer";
				COPY_PHASE_STRIP = NO;
				DEBUG_INFORMATION_FORMAT = dwarf;
				ENABLE_STRICT_OBJC_MSGSEND = YES;
				ENABLE_TESTABILITY = YES;
				GCC_C_LANGUAGE_STANDARD = gnu11;
				GCC_DYNAMIC_NO_PIC = NO;
				GCC_NO_COMMON_BLOCKS = YES;
				GCC_OPTIMIZATION_LEVEL = 0;
				GCC_PREPROCESSOR_DEFINITIONS = (
					"DEBUG=1",
					"$(inherited)",
				);
				GCC_WARN_64_TO_32_BIT_CONVERSION = YES;
				GCC_WARN_ABOUT_RETURN_TYPE = YES_ERROR;
				GCC_WARN_UNDECLARED_SELECTOR = YES;
				GCC_WARN_UNINITIALIZED_AUTOS = YES_AGGRESSIVE;
				GCC_WARN_UNUSED_FUNCTION = YES;
				GCC_WARN_UNUSED_VARIABLE = YES;
				IPHONEOS_DEPLOYMENT_TARGET = 11.2;
				MTL_ENABLE_DEBUG_INFO = YES;
				ONLY_ACTIVE_ARCH = YES;
				SDKROOT = iphoneos;
				SWIFT_ACTIVE_COMPILATION_CONDITIONS = DEBUG;
				SWIFT_OPTIMIZATION_LEVEL = "-Onone";
			};
			name = Debug;
		};
		F0D27B8F205967D100CA43CB /* Release */ = {
			isa = XCBuildConfiguration;
			buildSettings = {
				ALWAYS_SEARCH_USER_PATHS = NO;
				CLANG_ANALYZER_NONNULL = YES;
				CLANG_ANALYZER_NUMBER_OBJECT_CONVERSION = YES_AGGRESSIVE;
				CLANG_CXX_LANGUAGE_STANDARD = "gnu++14";
				CLANG_CXX_LIBRARY = "libc++";
				CLANG_ENABLE_MODULES = YES;
				CLANG_ENABLE_OBJC_ARC = YES;
				CLANG_WARN_BLOCK_CAPTURE_AUTORELEASING = YES;
				CLANG_WARN_BOOL_CONVERSION = YES;
				CLANG_WARN_COMMA = YES;
				CLANG_WARN_CONSTANT_CONVERSION = YES;
				CLANG_WARN_DIRECT_OBJC_ISA_USAGE = YES_ERROR;
				CLANG_WARN_DOCUMENTATION_COMMENTS = YES;
				CLANG_WARN_EMPTY_BODY = YES;
				CLANG_WARN_ENUM_CONVERSION = YES;
				CLANG_WARN_INFINITE_RECURSION = YES;
				CLANG_WARN_INT_CONVERSION = YES;
				CLANG_WARN_NON_LITERAL_NULL_CONVERSION = YES;
				CLANG_WARN_OBJC_LITERAL_CONVERSION = YES;
				CLANG_WARN_OBJC_ROOT_CLASS = YES_ERROR;
				CLANG_WARN_RANGE_LOOP_ANALYSIS = YES;
				CLANG_WARN_STRICT_PROTOTYPES = YES;
				CLANG_WARN_SUSPICIOUS_MOVE = YES;
				CLANG_WARN_UNGUARDED_AVAILABILITY = YES_AGGRESSIVE;
				CLANG_WARN_UNREACHABLE_CODE = YES;
				CLANG_WARN__DUPLICATE_METHOD_MATCH = YES;
				CODE_SIGN_IDENTITY = "iPhone Developer";
				COPY_PHASE_STRIP = NO;
				DEBUG_INFORMATION_FORMAT = "dwarf-with-dsym";
				ENABLE_NS_ASSERTIONS = NO;
				ENABLE_STRICT_OBJC_MSGSEND = YES;
				GCC_C_LANGUAGE_STANDARD = gnu11;
				GCC_NO_COMMON_BLOCKS = YES;
				GCC_WARN_64_TO_32_BIT_CONVERSION = YES;
				GCC_WARN_ABOUT_RETURN_TYPE = YES_ERROR;
				GCC_WARN_UNDECLARED_SELECTOR = YES;
				GCC_WARN_UNINITIALIZED_AUTOS = YES_AGGRESSIVE;
				GCC_WARN_UNUSED_FUNCTION = YES;
				GCC_WARN_UNUSED_VARIABLE = YES;
				IPHONEOS_DEPLOYMENT_TARGET = 11.2;
				MTL_ENABLE_DEBUG_INFO = NO;
				SDKROOT = iphoneos;
				SWIFT_OPTIMIZATION_LEVEL = "-Owholemodule";
				VALIDATE_PRODUCT = YES;
			};
			name = Release;
		};
		F0D27B91205967D100CA43CB /* Debug */ = {
			isa = XCBuildConfiguration;
			buildSettings = {
				ASSETCATALOG_COMPILER_APPICON_NAME = AppIcon;
				CODE_SIGN_STYLE = Automatic;
				DEVELOPMENT_TEAM = EA9U9T68FD;
				INFOPLIST_FILE = "SXSW Logo/Info.plist";
				LD_RUNPATH_SEARCH_PATHS = "$(inherited) @executable_path/Frameworks";
				PRODUCT_BUNDLE_IDENTIFIER = "example.SXSW-Logo";
				PRODUCT_NAME = "$(TARGET_NAME)";
				SWIFT_VERSION = 4.0;
				TARGETED_DEVICE_FAMILY = "1,2";
			};
			name = Debug;
		};
		F0D27B92205967D100CA43CB /* Release */ = {
			isa = XCBuildConfiguration;
			buildSettings = {
				ASSETCATALOG_COMPILER_APPICON_NAME = AppIcon;
				CODE_SIGN_STYLE = Automatic;
				DEVELOPMENT_TEAM = EA9U9T68FD;
				INFOPLIST_FILE = "SXSW Logo/Info.plist";
				LD_RUNPATH_SEARCH_PATHS = "$(inherited) @executable_path/Frameworks";
				PRODUCT_BUNDLE_IDENTIFIER = "example.SXSW-Logo";
				PRODUCT_NAME = "$(TARGET_NAME)";
				SWIFT_VERSION = 4.0;
				TARGETED_DEVICE_FAMILY = "1,2";
			};
			name = Release;
		};
/* End XCBuildConfiguration section */

/* Begin XCConfigurationList section */
		F0D27B79205967D100CA43CB /* Build configuration list for PBXProject "SXSW Logo" */ = {
			isa = XCConfigurationList;
			buildConfigurations = (
				F0D27B8E205967D100CA43CB /* Debug */,
				F0D27B8F205967D100CA43CB /* Release */,
			);
			defaultConfigurationIsVisible = 0;
			defaultConfigurationName = Release;
		};
		F0D27B90205967D100CA43CB /* Build configuration list for PBXNativeTarget "SXSW Logo" */ = {
			isa = XCConfigurationList;
			buildConfigurations = (
				F0D27B91205967D100CA43CB /* Debug */,
				F0D27B92205967D100CA43CB /* Release */,
			);
			defaultConfigurationIsVisible = 0;
			defaultConfigurationName = Release;
		};
/* End XCConfigurationList section */
	};
	rootObject = F0D27B76205967D100CA43CB /* Project object */;
}
